// !$*UTF8*$!
{
	archiveVersion = 1;
	classes = {
	};
	objectVersion = 46;
	objects = {

/* Begin PBXBuildFile section */
		6C2F65D01DAC9CF8006CE821 /* RXSecondViewController.m in Sources */ = {isa = PBXBuildFile; fileRef = 6C2F65CF1DAC9CF8006CE821 /* RXSecondViewController.m */; };
		6C91D1411DAC769C00870EC7 /* main.m in Sources */ = {isa = PBXBuildFile; fileRef = 6C91D1401DAC769C00870EC7 /* main.m */; };
		6C91D1441DAC769C00870EC7 /* AppDelegate.m in Sources */ = {isa = PBXBuildFile; fileRef = 6C91D1431DAC769C00870EC7 /* AppDelegate.m */; };
		6C91D14A1DAC769C00870EC7 /* Main.storyboard in Resources */ = {isa = PBXBuildFile; fileRef = 6C91D1481DAC769C00870EC7 /* Main.storyboard */; };
		6C91D14C1DAC769C00870EC7 /* Assets.xcassets in Resources */ = {isa = PBXBuildFile; fileRef = 6C91D14B1DAC769C00870EC7 /* Assets.xcassets */; };
		6C91D14F1DAC769C00870EC7 /* LaunchScreen.storyboard in Resources */ = {isa = PBXBuildFile; fileRef = 6C91D14D1DAC769C00870EC7 /* LaunchScreen.storyboard */; };
		6C91D15F1DAC80F900870EC7 /* RXTabBarController.m in Sources */ = {isa = PBXBuildFile; fileRef = 6C91D15E1DAC80F900870EC7 /* RXTabBarController.m */; };
		6C91D1621DAC811D00870EC7 /* RXTabBarBottomView.m in Sources */ = {isa = PBXBuildFile; fileRef = 6C91D1611DAC811D00870EC7 /* RXTabBarBottomView.m */; };
		6C91D1671DAC8CFE00870EC7 /* RXBaseViewController.m in Sources */ = {isa = PBXBuildFile; fileRef = 6C91D1661DAC8CFE00870EC7 /* RXBaseViewController.m */; };
		6C91D16A1DAC8D1300870EC7 /* RXHomeViewController.m in Sources */ = {isa = PBXBuildFile; fileRef = 6C91D1691DAC8D1300870EC7 /* RXHomeViewController.m */; };
/* End PBXBuildFile section */

/* Begin PBXFileReference section */
		6C2F65CE1DAC9CF8006CE821 /* RXSecondViewController.h */ = {isa = PBXFileReference; fileEncoding = 4; lastKnownFileType = sourcecode.c.h; path = RXSecondViewController.h; sourceTree = "<group>"; };
		6C2F65CF1DAC9CF8006CE821 /* RXSecondViewController.m */ = {isa = PBXFileReference; fileEncoding = 4; lastKnownFileType = sourcecode.c.objc; path = RXSecondViewController.m; sourceTree = "<group>"; };
		6C91D13C1DAC769C00870EC7 /* RXTabBarDemo.app */ = {isa = PBXFileReference; explicitFileType = wrapper.application; includeInIndex = 0; path = RXTabBarDemo.app; sourceTree = BUILT_PRODUCTS_DIR; };
		6C91D1401DAC769C00870EC7 /* main.m */ = {isa = PBXFileReference; lastKnownFileType = sourcecode.c.objc; path = main.m; sourceTree = "<group>"; };
		6C91D1421DAC769C00870EC7 /* AppDelegate.h */ = {isa = PBXFileReference; lastKnownFileType = sourcecode.c.h; path = AppDelegate.h; sourceTree = "<group>"; };
		6C91D1431DAC769C00870EC7 /* AppDelegate.m */ = {isa = PBXFileReference; lastKnownFileType = sourcecode.c.objc; path = AppDelegate.m; sourceTree = "<group>"; };
		6C91D1491DAC769C00870EC7 /* Base */ = {isa = PBXFileReference; lastKnownFileType = file.storyboard; name = Base; path = Base.lproj/Main.storyboard; sourceTree = "<group>"; };
		6C91D14B1DAC769C00870EC7 /* Assets.xcassets */ = {isa = PBXFileReference; lastKnownFileType = folder.assetcatalog; path = Assets.xcassets; sourceTree = "<group>"; };
		6C91D14E1DAC769C00870EC7 /* Base */ = {isa = PBXFileReference; lastKnownFileType = file.storyboard; name = Base; path = Base.lproj/LaunchScreen.storyboard; sourceTree = "<group>"; };
		6C91D1501DAC769C00870EC7 /* Info.plist */ = {isa = PBXFileReference; lastKnownFileType = text.plist.xml; path = Info.plist; sourceTree = "<group>"; };
		6C91D15D1DAC80F900870EC7 /* RXTabBarController.h */ = {isa = PBXFileReference; fileEncoding = 4; lastKnownFileType = sourcecode.c.h; path = RXTabBarController.h; sourceTree = "<group>"; };
		6C91D15E1DAC80F900870EC7 /* RXTabBarController.m */ = {isa = PBXFileReference; fileEncoding = 4; lastKnownFileType = sourcecode.c.objc; path = RXTabBarController.m; sourceTree = "<group>"; };
		6C91D1601DAC811D00870EC7 /* RXTabBarBottomView.h */ = {isa = PBXFileReference; fileEncoding = 4; lastKnownFileType = sourcecode.c.h; path = RXTabBarBottomView.h; sourceTree = "<group>"; };
		6C91D1611DAC811D00870EC7 /* RXTabBarBottomView.m */ = {isa = PBXFileReference; fileEncoding = 4; lastKnownFileType = sourcecode.c.objc; path = RXTabBarBottomView.m; sourceTree = "<group>"; };
		6C91D1651DAC8CFE00870EC7 /* RXBaseViewController.h */ = {isa = PBXFileReference; fileEncoding = 4; lastKnownFileType = sourcecode.c.h; path = RXBaseViewController.h; sourceTree = "<group>"; };
		6C91D1661DAC8CFE00870EC7 /* RXBaseViewController.m */ = {isa = PBXFileReference; fileEncoding = 4; lastKnownFileType = sourcecode.c.objc; path = RXBaseViewController.m; sourceTree = "<group>"; };
		6C91D1681DAC8D1300870EC7 /* RXHomeViewController.h */ = {isa = PBXFileReference; fileEncoding = 4; lastKnownFileType = sourcecode.c.h; path = RXHomeViewController.h; sourceTree = "<group>"; };
		6C91D1691DAC8D1300870EC7 /* RXHomeViewController.m */ = {isa = PBXFileReference; fileEncoding = 4; lastKnownFileType = sourcecode.c.objc; path = RXHomeViewController.m; sourceTree = "<group>"; };
/* End PBXFileReference section */

/* Begin PBXFrameworksBuildPhase section */
		6C91D1391DAC769C00870EC7 /* Frameworks */ = {
			isa = PBXFrameworksBuildPhase;
			buildActionMask = 2147483647;
			files = (
			);
			runOnlyForDeploymentPostprocessing = 0;
		};
/* End PBXFrameworksBuildPhase section */

/* Begin PBXGroup section */
		6C91D1331DAC769C00870EC7 = {
			isa = PBXGroup;
			children = (
				6C91D13E1DAC769C00870EC7 /* RXTabBarDemo */,
				6C91D13D1DAC769C00870EC7 /* Products */,
			);
			sourceTree = "<group>";
		};
		6C91D13D1DAC769C00870EC7 /* Products */ = {
			isa = PBXGroup;
			children = (
				6C91D13C1DAC769C00870EC7 /* RXTabBarDemo.app */,
			);
			name = Products;
			sourceTree = "<group>";
		};
		6C91D13E1DAC769C00870EC7 /* RXTabBarDemo */ = {
			isa = PBXGroup;
			children = (
				6C91D1641DAC8CEC00870EC7 /* Common */,
				6C91D1561DAC76E300870EC7 /* Controller */,
				6C91D1571DAC76E300870EC7 /* Mode */,
				6C91D1581DAC76E300870EC7 /* View */,
				6C91D15C1DAC809C00870EC7 /* TabBar */,
				6C91D1421DAC769C00870EC7 /* AppDelegate.h */,
				6C91D1431DAC769C00870EC7 /* AppDelegate.m */,
				6C91D1481DAC769C00870EC7 /* Main.storyboard */,
				6C91D14B1DAC769C00870EC7 /* Assets.xcassets */,
				6C91D14D1DAC769C00870EC7 /* LaunchScreen.storyboard */,
				6C91D1501DAC769C00870EC7 /* Info.plist */,
				6C91D13F1DAC769C00870EC7 /* Supporting Files */,
			);
			path = RXTabBarDemo;
			sourceTree = "<group>";
		};
		6C91D13F1DAC769C00870EC7 /* Supporting Files */ = {
			isa = PBXGroup;
			children = (
				6C91D1401DAC769C00870EC7 /* main.m */,
			);
			name = "Supporting Files";
			sourceTree = "<group>";
		};
		6C91D1561DAC76E300870EC7 /* Controller */ = {
			isa = PBXGroup;
			children = (
				6C91D1681DAC8D1300870EC7 /* RXHomeViewController.h */,
				6C91D1691DAC8D1300870EC7 /* RXHomeViewController.m */,
				6C2F65CE1DAC9CF8006CE821 /* RXSecondViewController.h */,
				6C2F65CF1DAC9CF8006CE821 /* RXSecondViewController.m */,
			);
			path = Controller;
			sourceTree = "<group>";
		};
		6C91D1571DAC76E300870EC7 /* Mode */ = {
			isa = PBXGroup;
			children = (
			);
			path = Mode;
			sourceTree = "<group>";
		};
		6C91D1581DAC76E300870EC7 /* View */ = {
			isa = PBXGroup;
			children = (
			);
			path = View;
			sourceTree = "<group>";
		};
		6C91D15C1DAC809C00870EC7 /* TabBar */ = {
			isa = PBXGroup;
			children = (
				6C91D15D1DAC80F900870EC7 /* RXTabBarController.h */,
				6C91D15E1DAC80F900870EC7 /* RXTabBarController.m */,
				6C91D1601DAC811D00870EC7 /* RXTabBarBottomView.h */,
				6C91D1611DAC811D00870EC7 /* RXTabBarBottomView.m */,
			);
			path = TabBar;
			sourceTree = "<group>";
		};
		6C91D1641DAC8CEC00870EC7 /* Common */ = {
			isa = PBXGroup;
			children = (
				6C91D1651DAC8CFE00870EC7 /* RXBaseViewController.h */,
				6C91D1661DAC8CFE00870EC7 /* RXBaseViewController.m */,
			);
			path = Common;
			sourceTree = "<group>";
		};
/* End PBXGroup section */

/* Begin PBXNativeTarget section */
		6C91D13B1DAC769C00870EC7 /* RXTabBarDemo */ = {
			isa = PBXNativeTarget;
			buildConfigurationList = 6C91D1531DAC769C00870EC7 /* Build configuration list for PBXNativeTarget "RXTabBarDemo" */;
			buildPhases = (
				6C91D1381DAC769C00870EC7 /* Sources */,
				6C91D1391DAC769C00870EC7 /* Frameworks */,
				6C91D13A1DAC769C00870EC7 /* Resources */,
			);
			buildRules = (
			);
			dependencies = (
			);
			name = RXTabBarDemo;
			productName = RXTabBarDemo;
			productReference = 6C91D13C1DAC769C00870EC7 /* RXTabBarDemo.app */;
			productType = "com.apple.product-type.application";
		};
/* End PBXNativeTarget section */

/* Begin PBXProject section */
		6C91D1341DAC769C00870EC7 /* Project object */ = {
			isa = PBXProject;
			attributes = {
				LastUpgradeCheck = 0730;
				ORGANIZATIONNAME = "https://github.com/srxboys";
				TargetAttributes = {
					6C91D13B1DAC769C00870EC7 = {
						CreatedOnToolsVersion = 7.3.1;
					};
				};
			};
			buildConfigurationList = 6C91D1371DAC769C00870EC7 /* Build configuration list for PBXProject "RXTabBarDemo" */;
			compatibilityVersion = "Xcode 3.2";
			developmentRegion = English;
			hasScannedForEncodings = 0;
			knownRegions = (
				en,
				Base,
			);
			mainGroup = 6C91D1331DAC769C00870EC7;
			productRefGroup = 6C91D13D1DAC769C00870EC7 /* Products */;
			projectDirPath = "";
			projectRoot = "";
			targets = (
				6C91D13B1DAC769C00870EC7 /* RXTabBarDemo */,
			);
		};
/* End PBXProject section */

/* Begin PBXResourcesBuildPhase section */
		6C91D13A1DAC769C00870EC7 /* Resources */ = {
			isa = PBXResourcesBuildPhase;
			buildActionMask = 2147483647;
			files = (
				6C91D14F1DAC769C00870EC7 /* LaunchScreen.storyboard in Resources */,
				6C91D14C1DAC769C00870EC7 /* Assets.xcassets in Resources */,
				6C91D14A1DAC769C00870EC7 /* Main.storyboard in Resources */,
			);
			runOnlyForDeploymentPostprocessing = 0;
		};
/* End PBXResourcesBuildPhase section */

/* Begin PBXSourcesBuildPhase section */
		6C91D1381DAC769C00870EC7 /* Sources */ = {
			isa = PBXSourcesBuildPhase;
			buildActionMask = 2147483647;
			files = (
				6C91D1671DAC8CFE00870EC7 /* RXBaseViewController.m in Sources */,
				6C91D1441DAC769C00870EC7 /* AppDelegate.m in Sources */,
				6C2F65D01DAC9CF8006CE821 /* RXSecondViewController.m in Sources */,
				6C91D1621DAC811D00870EC7 /* RXTabBarBottomView.m in Sources */,
				6C91D16A1DAC8D1300870EC7 /* RXHomeViewController.m in Sources */,
				6C91D15F1DAC80F900870EC7 /* RXTabBarController.m in Sources */,
				6C91D1411DAC769C00870EC7 /* main.m in Sources */,
			);
			runOnlyForDeploymentPostprocessing = 0;
		};
/* End PBXSourcesBuildPhase section */

/* Begin PBXVariantGroup section */
		6C91D1481DAC769C00870EC7 /* Main.storyboard */ = {
			isa = PBXVariantGroup;
			children = (
				6C91D1491DAC769C00870EC7 /* Base */,
			);
			name = Main.storyboard;
			sourceTree = "<group>";
		};
		6C91D14D1DAC769C00870EC7 /* LaunchScreen.storyboard */ = {
			isa = PBXVariantGroup;
			children = (
				6C91D14E1DAC769C00870EC7 /* Base */,
			);
			name = LaunchScreen.storyboard;
			sourceTree = "<group>";
		};
/* End PBXVariantGroup section */

/* Begin XCBuildConfiguration section */
		6C91D1511DAC769C00870EC7 /* Debug */ = {
			isa = XCBuildConfiguration;
			buildSettings = {
				ALWAYS_SEARCH_USER_PATHS = NO;
				CLANG_ANALYZER_NONNULL = YES;
				CLANG_CXX_LANGUAGE_STANDARD = "gnu++0x";
				CLANG_CXX_LIBRARY = "libc++";
				CLANG_ENABLE_MODULES = YES;
				CLANG_ENABLE_OBJC_ARC = YES;
				CLANG_WARN_BOOL_CONVERSION = YES;
				CLANG_WARN_CONSTANT_CONVERSION = YES;
				CLANG_WARN_DIRECT_OBJC_ISA_USAGE = YES_ERROR;
				CLANG_WARN_EMPTY_BODY = YES;
				CLANG_WARN_ENUM_CONVERSION = YES;
				CLANG_WARN_INT_CONVERSION = YES;
				CLANG_WARN_OBJC_ROOT_CLASS = YES_ERROR;
				CLANG_WARN_UNREACHABLE_CODE = YES;
				CLANG_WARN__DUPLICATE_METHOD_MATCH = YES;
				"CODE_SIGN_IDENTITY[sdk=iphoneos*]" = "iPhone Developer";
				COPY_PHASE_STRIP = NO;
				DEBUG_INFORMATION_FORMAT = dwarf;
				ENABLE_STRICT_OBJC_MSGSEND = YES;
				ENABLE_TESTABILITY = YES;
				GCC_C_LANGUAGE_STANDARD = gnu99;
				GCC_DYNAMIC_NO_PIC = NO;
				GCC_NO_COMMON_BLOCKS = YES;
				GCC_OPTIMIZATION_LEVEL = 0;
				GCC_PREPROCESSOR_DEFINITIONS = (
					"DEBUG=1",
					"$(inherited)",
				);
				GCC_WARN_64_TO_32_BIT_CONVERSION = YES;
				GCC_WARN_ABOUT_RETURN_TYPE = YES_ERROR;
				GCC_WARN_UNDECLARED_SELECTOR = YES;
				GCC_WARN_UNINITIALIZED_AUTOS = YES_AGGRESSIVE;
				GCC_WARN_UNUSED_FUNCTION = YES;
				GCC_WARN_UNUSED_VARIABLE = YES;
				IPHONEOS_DEPLOYMENT_TARGET = 9.3;
				MTL_ENABLE_DEBUG_INFO = YES;
				ONLY_ACTIVE_ARCH = YES;
				SDKROOT = iphoneos;
			};
			name = Debug;
		};
		6C91D1521DAC769C00870EC7 /* Release */ = {
			isa = XCBuildConfiguration;
			buildSettings = {
				ALWAYS_SEARCH_USER_PATHS = NO;
				CLANG_ANALYZER_NONNULL = YES;
				CLANG_CXX_LANGUAGE_STANDARD = "gnu++0x";
				CLANG_CXX_LIBRARY = "libc++";
				CLANG_ENABLE_MODULES = YES;
				CLANG_ENABLE_OBJC_ARC = YES;
				CLANG_WARN_BOOL_CONVERSION = YES;
				CLANG_WARN_CONSTANT_CONVERSION = YES;
				CLANG_WARN_DIRECT_OBJC_ISA_USAGE = YES_ERROR;
				CLANG_WARN_EMPTY_BODY = YES;
				CLANG_WARN_ENUM_CONVERSION = YES;
				CLANG_WARN_INT_CONVERSION = YES;
				CLANG_WARN_OBJC_ROOT_CLASS = YES_ERROR;
				CLANG_WARN_UNREACHABLE_CODE = YES;
				CLANG_WARN__DUPLICATE_METHOD_MATCH = YES;
				"CODE_SIGN_IDENTITY[sdk=iphoneos*]" = "iPhone Developer";
				COPY_PHASE_STRIP = NO;
				DEBUG_INFORMATION_FORMAT = "dwarf-with-dsym";
				ENABLE_NS_ASSERTIONS = NO;
				ENABLE_STRICT_OBJC_MSGSEND = YES;
				GCC_C_LANGUAGE_STANDARD = gnu99;
				GCC_NO_COMMON_BLOCKS = YES;
				GCC_WARN_64_TO_32_BIT_CONVERSION = YES;
				GCC_WARN_ABOUT_RETURN_TYPE = YES_ERROR;
				GCC_WARN_UNDECLARED_SELECTOR = YES;
				GCC_WARN_UNINITIALIZED_AUTOS = YES_AGGRESSIVE;
				GCC_WARN_UNUSED_FUNCTION = YES;
				GCC_WARN_UNUSED_VARIABLE = YES;
				IPHONEOS_DEPLOYMENT_TARGET = 9.3;
				MTL_ENABLE_DEBUG_INFO = NO;
				SDKROOT = iphoneos;
				VALIDATE_PRODUCT = YES;
			};
			name = Release;
		};
		6C91D1541DAC769C00870EC7 /* Debug */ = {
			isa = XCBuildConfiguration;
			buildSettings = {
				ASSETCATALOG_COMPILER_APPICON_NAME = AppIcon;
				INFOPLIST_FILE = RXTabBarDemo/Info.plist;
				LD_RUNPATH_SEARCH_PATHS = "$(inherited) @executable_path/Frameworks";
				PRODUCT_BUNDLE_IDENTIFIER = RX.RXTabBarDemo;
				PRODUCT_NAME = "$(TARGET_NAME)";
			};
			name = Debug;
		};
		6C91D1551DAC769C00870EC7 /* Release */ = {
			isa = XCBuildConfiguration;
			buildSettings = {
				ASSETCATALOG_COMPILER_APPICON_NAME = AppIcon;
				INFOPLIST_FILE = RXTabBarDemo/Info.plist;
				LD_RUNPATH_SEARCH_PATHS = "$(inherited) @executable_path/Frameworks";
				PRODUCT_BUNDLE_IDENTIFIER = RX.RXTabBarDemo;
				PRODUCT_NAME = "$(TARGET_NAME)";
			};
			name = Release;
		};
/* End XCBuildConfiguration section */

/* Begin XCConfigurationList section */
		6C91D1371DAC769C00870EC7 /* Build configuration list for PBXProject "RXTabBarDemo" */ = {
			isa = XCConfigurationList;
			buildConfigurations = (
				6C91D1511DAC769C00870EC7 /* Debug */,
				6C91D1521DAC769C00870EC7 /* Release */,
			);
			defaultConfigurationIsVisible = 0;
			defaultConfigurationName = Release;
		};
		6C91D1531DAC769C00870EC7 /* Build configuration list for PBXNativeTarget "RXTabBarDemo" */ = {
			isa = XCConfigurationList;
			buildConfigurations = (
				6C91D1541DAC769C00870EC7 /* Debug */,
				6C91D1551DAC769C00870EC7 /* Release */,
			);
			defaultConfigurationIsVisible = 0;
			defaultConfigurationName = Release;
		};
/* End XCConfigurationList section */
	};
	rootObject = 6C91D1341DAC769C00870EC7 /* Project object */;
}
